
Microsoft Visual Studio Solution File, Format Version 12.00
# Visual Studio Version 17
VisualStudioVersion = 17.4.33213.308
MinimumVisualStudioVersion = 10.0.40219.1
Project("{FAE04EC0-301F-11D3-BF4B-00C04F79EFBC}") = "JokesApp", "JokesApp.csproj", "{CFC0EE73-D8D4-4B86-AAA1-AE2AF7010526}"
EndProject
Global
	GlobalSection(SolutionConfigurationPlatforms) = preSolution
		Debug|Any CPU = Debug|Any CPU
		Release|Any CPU = Release|Any CPU
	EndGlobalSection
	GlobalSection(ProjectConfigurationPlatforms) = postSolution
		{CFC0EE73-D8D4-4B86-AAA1-AE2AF7010526}.Debug|Any CPU.ActiveCfg = Debug|Any CPU
		{CFC0EE73-D8D4-4B86-AAA1-AE2AF7010526}.Debug|Any CPU.Build.0 = Debug|Any CPU
		{CFC0EE73-D8D4-4B86-AAA1-AE2AF7010526}.Release|Any CPU.ActiveCfg = Release|Any CPU
		{CFC0EE73-D8D4-4B86-AAA1-AE2AF7010526}.Release|Any CPU.Build.0 = Release|Any CPU
	EndGlobalSection
	GlobalSection(SolutionProperties) = preSolution
		HideSolutionNode = FALSE
	EndGlobalSection
	GlobalSection(ExtensibilityGlobals) = postSolution
		SolutionGuid = {ED9A5BB5-8CE1-474D-8CD7-7DB677D388C7}
	EndGlobalSection
EndGlobal
